# This file is automatically @generated by Poetry 2.1.3 and should not be changed by hand.

[[package]]
name = "pipe"
version = "2.2"
description = "Module enabling a sh like infix syntax (using pipes)"
optional = false
python-versions = ">=3.8"
groups = ["main"]
files = [
    {file = "pipe-2.2-py3-none-any.whl", hash = "sha256:0a5c3202ff35122f69a34ccbd40c9658646f033cc941055304fe8bfa7e13376e"},
    {file = "pipe-2.2.tar.gz", hash = "sha256:6a253198e3bc542ffaf0a4222376586bce8583b27a9ddbc2cfbaa554c049230d"},
]

[metadata]
lock-version = "2.1"
python-versions = ">=3.8"
content-hash = "9bc44f04951dc7de04824082952e5993a6036b8b146dfb4fd22d10ba68fdb872"
